
Microsoft Visual Studio Solution File, Format Version 12.00
# Visual Studio 2013
VisualStudioVersion = 12.0.40629.0
MinimumVisualStudioVersion = 10.0.40219.1
Project("{FAE04EC0-301F-11D3-BF4B-00C04F79EFBC}") = "Socket.ConsoleApp", "Socket.ConsoleApp\Socket.ConsoleApp.csproj", "{9978DC4D-6E87-4D48-BDCC-EE856424841F}"
EndProject
Project("{FAE04EC0-301F-11D3-BF4B-00C04F79EFBC}") = "Socket.Domain", "Socket.Domain\Socket.Domain.csproj", "{80EA3D38-66FD-459E-BA7F-7791209B2743}"
EndProject
Global
	GlobalSection(SolutionConfigurationPlatforms) = preSolution
		Debug|Any CPU = Debug|Any CPU
		Release|Any CPU = Release|Any CPU
	EndGlobalSection
	GlobalSection(ProjectConfigurationPlatforms) = postSolution
		{9978DC4D-6E87-4D48-BDCC-EE856424841F}.Debug|Any CPU.ActiveCfg = Debug|Any CPU
		{9978DC4D-6E87-4D48-BDCC-EE856424841F}.Debug|Any CPU.Build.0 = Debug|Any CPU
		{9978DC4D-6E87-4D48-BDCC-EE856424841F}.Release|Any CPU.ActiveCfg = Release|Any CPU
		{9978DC4D-6E87-4D48-BDCC-EE856424841F}.Release|Any CPU.Build.0 = Release|Any CPU
		{80EA3D38-66FD-459E-BA7F-7791209B2743}.Debug|Any CPU.ActiveCfg = Debug|Any CPU
		{80EA3D38-66FD-459E-BA7F-7791209B2743}.Debug|Any CPU.Build.0 = Debug|Any CPU
		{80EA3D38-66FD-459E-BA7F-7791209B2743}.Release|Any CPU.ActiveCfg = Release|Any CPU
		{80EA3D38-66FD-459E-BA7F-7791209B2743}.Release|Any CPU.Build.0 = Release|Any CPU
	EndGlobalSection
	GlobalSection(SolutionProperties) = preSolution
		HideSolutionNode = FALSE
	EndGlobalSection
EndGlobal
